
Microsoft Visual Studio Solution File, Format Version 12.00
# Visual Studio Version 16
VisualStudioVersion = 16.0.30621.155
MinimumVisualStudioVersion = 10.0.40219.1
Project("{FAE04EC0-301F-11D3-BF4B-00C04F79EFBC}") = "ProductReviewManagement", "ProductReviewManagement\ProductReviewManagement.csproj", "{11A7C481-3A2F-4404-BAAD-1824E0B18053}"
EndProject
Global
	GlobalSection(SolutionConfigurationPlatforms) = preSolution
		Debug|Any CPU = Debug|Any CPU
		Release|Any CPU = Release|Any CPU
	EndGlobalSection
	GlobalSection(ProjectConfigurationPlatforms) = postSolution
		{11A7C481-3A2F-4404-BAAD-1824E0B18053}.Debug|Any CPU.ActiveCfg = Debug|Any CPU
		{11A7C481-3A2F-4404-BAAD-1824E0B18053}.Debug|Any CPU.Build.0 = Debug|Any CPU
		{11A7C481-3A2F-4404-BAAD-1824E0B18053}.Release|Any CPU.ActiveCfg = Release|Any CPU
		{11A7C481-3A2F-4404-BAAD-1824E0B18053}.Release|Any CPU.Build.0 = Release|Any CPU
	EndGlobalSection
	GlobalSection(SolutionProperties) = preSolution
		HideSolutionNode = FALSE
	EndGlobalSection
	GlobalSection(ExtensibilityGlobals) = postSolution
		SolutionGuid = {6D0C23B5-5B19-4510-8F4C-F7141F2DDE5D}
	EndGlobalSection
EndGlobal
